Microsoft Visual Studio Solution File, Format Version 12.00
# Visual Studio Version 17
VisualStudioVersion = 17.5.2.0
MinimumVisualStudioVersion = 10.0.40219.1
Project("{FAE04EC0-301F-11D3-BF4B-00C04F79EFBC}") = "DesafioB3", "DesafioB3\DesafioB3.csproj", "{88CEE8AA-1772-3678-7F49-DB97AE3B5F89}"
EndProject
Global
	GlobalSection(SolutionConfigurationPlatforms) = preSolution
		Debug|Any CPU = Debug|Any CPU
		Release|Any CPU = Release|Any CPU
	EndGlobalSection
	GlobalSection(ProjectConfigurationPlatforms) = postSolution
		{88CEE8AA-1772-3678-7F49-DB97AE3B5F89}.Debug|Any CPU.ActiveCfg = Debug|Any CPU
		{88CEE8AA-1772-3678-7F49-DB97AE3B5F89}.Debug|Any CPU.Build.0 = Debug|Any CPU
		{88CEE8AA-1772-3678-7F49-DB97AE3B5F89}.Release|Any CPU.ActiveCfg = Release|Any CPU
		{88CEE8AA-1772-3678-7F49-DB97AE3B5F89}.Release|Any CPU.Build.0 = Release|Any CPU
	EndGlobalSection
	GlobalSection(SolutionProperties) = preSolution
		HideSolutionNode = FALSE
	EndGlobalSection
	GlobalSection(ExtensibilityGlobals) = postSolution
		SolutionGuid = {2417C3A9-1AFD-44D9-90FA-6B8F39161810}
	EndGlobalSection
EndGlobal
